
Microsoft Visual Studio Solution File, Format Version 12.00
# Visual Studio 15
Project("{FAE04EC0-301F-11D3-BF4B-00C04F79EFBC}") = "SDM_Project.Infrastructure.Static.Data", "SDM_Project02.Infrastructure.Static.Data\SDM_Project.Infrastructure.Static.Data.csproj", "{D41D4A9F-7F48-4453-8187-84308C9FEB2F}"
EndProject
Project("{FAE04EC0-301F-11D3-BF4B-00C04F79EFBC}") = "SDM_Project.UnitTests", "SDM_Project02.UnitTests\SDM_Project.UnitTests.csproj", "{6DB5404B-E5DB-459A-A900-88B18F4CB73C}"
EndProject
Project("{FAE04EC0-301F-11D3-BF4B-00C04F79EFBC}") = "SDM_Project.Core.Entity", "SDM-Project02.Core.Entity\SDM_Project.Core.Entity.csproj", "{7CEAD075-C217-4C8A-94D8-DF70434CBC3A}"
EndProject
Project("{FAE04EC0-301F-11D3-BF4B-00C04F79EFBC}") = "SDM_Project.UI.Console", "SDM_Project.UI.Console\SDM_Project.UI.Console.csproj", "{3C027496-DA22-4A97-BF50-2D66C14925B5}"
EndProject
Project("{FAE04EC0-301F-11D3-BF4B-00C04F79EFBC}") = "SDM_Project.Core", "SDM_Project.Core\SDM_Project.Core.csproj", "{ECE387CD-32B7-4C9B-9214-393A566E5EE2}"
EndProject
Global
	GlobalSection(SolutionConfigurationPlatforms) = preSolution
		Debug|Any CPU = Debug|Any CPU
		Release|Any CPU = Release|Any CPU
	EndGlobalSection
	GlobalSection(ProjectConfigurationPlatforms) = postSolution
		{D41D4A9F-7F48-4453-8187-84308C9FEB2F}.Debug|Any CPU.ActiveCfg = Debug|Any CPU
		{D41D4A9F-7F48-4453-8187-84308C9FEB2F}.Debug|Any CPU.Build.0 = Debug|Any CPU
		{D41D4A9F-7F48-4453-8187-84308C9FEB2F}.Release|Any CPU.ActiveCfg = Release|Any CPU
		{D41D4A9F-7F48-4453-8187-84308C9FEB2F}.Release|Any CPU.Build.0 = Release|Any CPU
		{6DB5404B-E5DB-459A-A900-88B18F4CB73C}.Debug|Any CPU.ActiveCfg = Debug|Any CPU
		{6DB5404B-E5DB-459A-A900-88B18F4CB73C}.Debug|Any CPU.Build.0 = Debug|Any CPU
		{6DB5404B-E5DB-459A-A900-88B18F4CB73C}.Release|Any CPU.ActiveCfg = Release|Any CPU
		{6DB5404B-E5DB-459A-A900-88B18F4CB73C}.Release|Any CPU.Build.0 = Release|Any CPU
		{7CEAD075-C217-4C8A-94D8-DF70434CBC3A}.Debug|Any CPU.ActiveCfg = Debug|Any CPU
		{7CEAD075-C217-4C8A-94D8-DF70434CBC3A}.Debug|Any CPU.Build.0 = Debug|Any CPU
		{7CEAD075-C217-4C8A-94D8-DF70434CBC3A}.Release|Any CPU.ActiveCfg = Release|Any CPU
		{7CEAD075-C217-4C8A-94D8-DF70434CBC3A}.Release|Any CPU.Build.0 = Release|Any CPU
		{3C027496-DA22-4A97-BF50-2D66C14925B5}.Debug|Any CPU.ActiveCfg = Debug|Any CPU
		{3C027496-DA22-4A97-BF50-2D66C14925B5}.Debug|Any CPU.Build.0 = Debug|Any CPU
		{3C027496-DA22-4A97-BF50-2D66C14925B5}.Release|Any CPU.ActiveCfg = Release|Any CPU
		{3C027496-DA22-4A97-BF50-2D66C14925B5}.Release|Any CPU.Build.0 = Release|Any CPU
		{ECE387CD-32B7-4C9B-9214-393A566E5EE2}.Debug|Any CPU.ActiveCfg = Debug|Any CPU
		{ECE387CD-32B7-4C9B-9214-393A566E5EE2}.Debug|Any CPU.Build.0 = Debug|Any CPU
		{ECE387CD-32B7-4C9B-9214-393A566E5EE2}.Release|Any CPU.ActiveCfg = Release|Any CPU
		{ECE387CD-32B7-4C9B-9214-393A566E5EE2}.Release|Any CPU.Build.0 = Release|Any CPU
	EndGlobalSection
EndGlobal
